
Microsoft Visual Studio Solution File, Format Version 12.00
# Visual Studio Version 17
VisualStudioVersion = 17.11.35303.130
MinimumVisualStudioVersion = 10.0.40219.1
Project("{FAE04EC0-301F-11D3-BF4B-00C04F79EFBC}") = "Ritterturnier", "Ritterturnier\Ritterturnier.csproj", "{6FEFEAA4-9826-472C-B199-9A604B355274}"
EndProject
Global
	GlobalSection(SolutionConfigurationPlatforms) = preSolution
		Debug|Any CPU = Debug|Any CPU
		Release|Any CPU = Release|Any CPU
	EndGlobalSection
	GlobalSection(ProjectConfigurationPlatforms) = postSolution
		{6FEFEAA4-9826-472C-B199-9A604B355274}.Debug|Any CPU.ActiveCfg = Debug|Any CPU
		{6FEFEAA4-9826-472C-B199-9A604B355274}.Debug|Any CPU.Build.0 = Debug|Any CPU
		{6FEFEAA4-9826-472C-B199-9A604B355274}.Release|Any CPU.ActiveCfg = Release|Any CPU
		{6FEFEAA4-9826-472C-B199-9A604B355274}.Release|Any CPU.Build.0 = Release|Any CPU
	EndGlobalSection
	GlobalSection(SolutionProperties) = preSolution
		HideSolutionNode = FALSE
	EndGlobalSection
	GlobalSection(ExtensibilityGlobals) = postSolution
		SolutionGuid = {C83C5082-3313-4474-A1F6-12508D1EC419}
	EndGlobalSection
EndGlobal
